
Microsoft Visual Studio Solution File, Format Version 12.00
# Visual Studio Version 17
VisualStudioVersion = 17.9.34728.123
MinimumVisualStudioVersion = 10.0.40219.1
Project("{FAE04EC0-301F-11D3-BF4B-00C04F79EFBC}") = "CompareSrc", "CompareSrc.csproj", "{62F06697-CE85-459E-B939-7237C7DC4F32}"
EndProject
Global
	GlobalSection(SolutionConfigurationPlatforms) = preSolution
		dbg_cli|Any CPU = dbg_cli|Any CPU
		Debug|Any CPU = Debug|Any CPU
		help|Any CPU = help|Any CPU
		rel_cli|Any CPU = rel_cli|Any CPU
		Release|Any CPU = Release|Any CPU
	EndGlobalSection
	GlobalSection(ProjectConfigurationPlatforms) = postSolution
		{62F06697-CE85-459E-B939-7237C7DC4F32}.dbg_cli|Any CPU.ActiveCfg = dbg_cli|Any CPU
		{62F06697-CE85-459E-B939-7237C7DC4F32}.dbg_cli|Any CPU.Build.0 = dbg_cli|Any CPU
		{62F06697-CE85-459E-B939-7237C7DC4F32}.Debug|Any CPU.ActiveCfg = Debug|Any CPU
		{62F06697-CE85-459E-B939-7237C7DC4F32}.Debug|Any CPU.Build.0 = Debug|Any CPU
		{62F06697-CE85-459E-B939-7237C7DC4F32}.help|Any CPU.ActiveCfg = help|Any CPU
		{62F06697-CE85-459E-B939-7237C7DC4F32}.help|Any CPU.Build.0 = help|Any CPU
		{62F06697-CE85-459E-B939-7237C7DC4F32}.rel_cli|Any CPU.ActiveCfg = rel_cli|Any CPU
		{62F06697-CE85-459E-B939-7237C7DC4F32}.rel_cli|Any CPU.Build.0 = rel_cli|Any CPU
		{62F06697-CE85-459E-B939-7237C7DC4F32}.Release|Any CPU.ActiveCfg = Release|Any CPU
		{62F06697-CE85-459E-B939-7237C7DC4F32}.Release|Any CPU.Build.0 = Release|Any CPU
	EndGlobalSection
	GlobalSection(SolutionProperties) = preSolution
		HideSolutionNode = FALSE
	EndGlobalSection
	GlobalSection(ExtensibilityGlobals) = postSolution
		SolutionGuid = {A53499C1-065F-49C1-9913-D689BABF9CCB}
	EndGlobalSection
EndGlobal
